
Microsoft Visual Studio Solution File, Format Version 12.00
# Visual Studio Version 17
VisualStudioVersion = 17.3.32922.545
MinimumVisualStudioVersion = 10.0.40219.1
Project("{FAE04EC0-301F-11D3-BF4B-00C04F79EFBC}") = "SimpleOperationsAndCalculations", "SimpleOperationsAndCalculations\SimpleOperationsAndCalculations.csproj", "{0C5BDB22-ECE8-4528-AF38-5B985E57E316}"
EndProject
Project("{FAE04EC0-301F-11D3-BF4B-00C04F79EFBC}") = "USDtoBGN", "USDtoBGN\USDtoBGN.csproj", "{5A17A5F8-CF01-4D63-BBB4-9A4131176746}"
EndProject
Project("{FAE04EC0-301F-11D3-BF4B-00C04F79EFBC}") = "RadiansToDegrees", "RadiansToDegrees\RadiansToDegrees.csproj", "{36F6034F-8568-4353-9271-F6F0575D3F85}"
EndProject
Global
	GlobalSection(SolutionConfigurationPlatforms) = preSolution
		Debug|Any CPU = Debug|Any CPU
		Release|Any CPU = Release|Any CPU
	EndGlobalSection
	GlobalSection(ProjectConfigurationPlatforms) = postSolution
		{0C5BDB22-ECE8-4528-AF38-5B985E57E316}.Debug|Any CPU.ActiveCfg = Debug|Any CPU
		{0C5BDB22-ECE8-4528-AF38-5B985E57E316}.Debug|Any CPU.Build.0 = Debug|Any CPU
		{0C5BDB22-ECE8-4528-AF38-5B985E57E316}.Release|Any CPU.ActiveCfg = Release|Any CPU
		{0C5BDB22-ECE8-4528-AF38-5B985E57E316}.Release|Any CPU.Build.0 = Release|Any CPU
		{5A17A5F8-CF01-4D63-BBB4-9A4131176746}.Debug|Any CPU.ActiveCfg = Debug|Any CPU
		{5A17A5F8-CF01-4D63-BBB4-9A4131176746}.Debug|Any CPU.Build.0 = Debug|Any CPU
		{5A17A5F8-CF01-4D63-BBB4-9A4131176746}.Release|Any CPU.ActiveCfg = Release|Any CPU
		{5A17A5F8-CF01-4D63-BBB4-9A4131176746}.Release|Any CPU.Build.0 = Release|Any CPU
		{36F6034F-8568-4353-9271-F6F0575D3F85}.Debug|Any CPU.ActiveCfg = Debug|Any CPU
		{36F6034F-8568-4353-9271-F6F0575D3F85}.Debug|Any CPU.Build.0 = Debug|Any CPU
		{36F6034F-8568-4353-9271-F6F0575D3F85}.Release|Any CPU.ActiveCfg = Release|Any CPU
		{36F6034F-8568-4353-9271-F6F0575D3F85}.Release|Any CPU.Build.0 = Release|Any CPU
	EndGlobalSection
	GlobalSection(SolutionProperties) = preSolution
		HideSolutionNode = FALSE
	EndGlobalSection
	GlobalSection(ExtensibilityGlobals) = postSolution
		SolutionGuid = {F266C04E-9F73-4140-A844-1388469070A2}
	EndGlobalSection
EndGlobal
