
Microsoft Visual Studio Solution File, Format Version 12.00
# Visual Studio Version 17
VisualStudioVersion = 17.3.32922.545
MinimumVisualStudioVersion = 10.0.40219.1
Project("{9A19103F-16F7-4668-BE54-9A1E7A4F7556}") = "Nested Loops - Exercise", "Nested Loops - Exercise\Nested Loops - Exercise.csproj", "{B9D163A0-AC15-4B4A-8144-FD75740DE650}"
EndProject
Project("{9A19103F-16F7-4668-BE54-9A1E7A4F7556}") = "NumberPyramid", "NumberPyramid\NumberPyramid.csproj", "{A02730E2-4803-4503-B8B8-CF844ACA5A6B}"
EndProject
Project("{FAE04EC0-301F-11D3-BF4B-00C04F79EFBC}") = "EqualSumsEvenOddPosition", "EqualSumsEvenOddPosition\EqualSumsEvenOddPosition.csproj", "{F32C679B-EFBF-4131-9272-AEEEFB7CE3C7}"
EndProject
Global
	GlobalSection(SolutionConfigurationPlatforms) = preSolution
		Debug|Any CPU = Debug|Any CPU
		Release|Any CPU = Release|Any CPU
	EndGlobalSection
	GlobalSection(ProjectConfigurationPlatforms) = postSolution
		{B9D163A0-AC15-4B4A-8144-FD75740DE650}.Debug|Any CPU.ActiveCfg = Debug|Any CPU
		{B9D163A0-AC15-4B4A-8144-FD75740DE650}.Debug|Any CPU.Build.0 = Debug|Any CPU
		{B9D163A0-AC15-4B4A-8144-FD75740DE650}.Release|Any CPU.ActiveCfg = Release|Any CPU
		{B9D163A0-AC15-4B4A-8144-FD75740DE650}.Release|Any CPU.Build.0 = Release|Any CPU
		{A02730E2-4803-4503-B8B8-CF844ACA5A6B}.Debug|Any CPU.ActiveCfg = Debug|Any CPU
		{A02730E2-4803-4503-B8B8-CF844ACA5A6B}.Debug|Any CPU.Build.0 = Debug|Any CPU
		{A02730E2-4803-4503-B8B8-CF844ACA5A6B}.Release|Any CPU.ActiveCfg = Release|Any CPU
		{A02730E2-4803-4503-B8B8-CF844ACA5A6B}.Release|Any CPU.Build.0 = Release|Any CPU
		{F32C679B-EFBF-4131-9272-AEEEFB7CE3C7}.Debug|Any CPU.ActiveCfg = Debug|Any CPU
		{F32C679B-EFBF-4131-9272-AEEEFB7CE3C7}.Debug|Any CPU.Build.0 = Debug|Any CPU
		{F32C679B-EFBF-4131-9272-AEEEFB7CE3C7}.Release|Any CPU.ActiveCfg = Release|Any CPU
		{F32C679B-EFBF-4131-9272-AEEEFB7CE3C7}.Release|Any CPU.Build.0 = Release|Any CPU
	EndGlobalSection
	GlobalSection(SolutionProperties) = preSolution
		HideSolutionNode = FALSE
	EndGlobalSection
	GlobalSection(ExtensibilityGlobals) = postSolution
		SolutionGuid = {0462533A-085E-4199-9587-4F315E5B752F}
	EndGlobalSection
EndGlobal
