
Microsoft Visual Studio Solution File, Format Version 12.00
# Visual Studio Version 17
VisualStudioVersion = 17.3.32922.545
MinimumVisualStudioVersion = 10.0.40219.1
Project("{9A19103F-16F7-4668-BE54-9A1E7A4F7556}") = "LoopsPart2", "LoopsPart2\LoopsPart2.csproj", "{CA0AFA4C-803D-4301-9FAA-889181BBA1FA}"
EndProject
Project("{9A19103F-16F7-4668-BE54-9A1E7A4F7556}") = "NumberInRange", "ReadText\NumberInRange.csproj", "{CEE3FD54-7A2B-46C0-887D-A23F7D52C582}"
EndProject
Project("{9A19103F-16F7-4668-BE54-9A1E7A4F7556}") = "Password", "Password\Password.csproj", "{A5722CBE-F37B-458A-8625-C8DBBF370D39}"
EndProject
Project("{9A19103F-16F7-4668-BE54-9A1E7A4F7556}") = "Sequence2k+1", "Sequence2k+1\Sequence2k+1.csproj", "{06CD18C3-E669-4781-8AF2-520B51BEE777}"
EndProject
Project("{9A19103F-16F7-4668-BE54-9A1E7A4F7556}") = "AccountBalance", "AccountBalance\AccountBalance.csproj", "{D4F065DA-6099-4A2F-BC60-712766891564}"
EndProject
Project("{FAE04EC0-301F-11D3-BF4B-00C04F79EFBC}") = "MaxNumber", "MaxNumber\MaxNumber.csproj", "{7A7871E2-E0BC-446D-A2C1-071F9598235B}"
EndProject
Project("{FAE04EC0-301F-11D3-BF4B-00C04F79EFBC}") = "MinNumber", "MinNumber\MinNumber.csproj", "{C8DBDED2-20B2-47C0-9752-544F8BCFF498}"
EndProject
Global
	GlobalSection(SolutionConfigurationPlatforms) = preSolution
		Debug|Any CPU = Debug|Any CPU
		Release|Any CPU = Release|Any CPU
	EndGlobalSection
	GlobalSection(ProjectConfigurationPlatforms) = postSolution
		{CA0AFA4C-803D-4301-9FAA-889181BBA1FA}.Debug|Any CPU.ActiveCfg = Debug|Any CPU
		{CA0AFA4C-803D-4301-9FAA-889181BBA1FA}.Debug|Any CPU.Build.0 = Debug|Any CPU
		{CA0AFA4C-803D-4301-9FAA-889181BBA1FA}.Release|Any CPU.ActiveCfg = Release|Any CPU
		{CA0AFA4C-803D-4301-9FAA-889181BBA1FA}.Release|Any CPU.Build.0 = Release|Any CPU
		{CEE3FD54-7A2B-46C0-887D-A23F7D52C582}.Debug|Any CPU.ActiveCfg = Debug|Any CPU
		{CEE3FD54-7A2B-46C0-887D-A23F7D52C582}.Debug|Any CPU.Build.0 = Debug|Any CPU
		{CEE3FD54-7A2B-46C0-887D-A23F7D52C582}.Release|Any CPU.ActiveCfg = Release|Any CPU
		{CEE3FD54-7A2B-46C0-887D-A23F7D52C582}.Release|Any CPU.Build.0 = Release|Any CPU
		{A5722CBE-F37B-458A-8625-C8DBBF370D39}.Debug|Any CPU.ActiveCfg = Debug|Any CPU
		{A5722CBE-F37B-458A-8625-C8DBBF370D39}.Debug|Any CPU.Build.0 = Debug|Any CPU
		{A5722CBE-F37B-458A-8625-C8DBBF370D39}.Release|Any CPU.ActiveCfg = Release|Any CPU
		{A5722CBE-F37B-458A-8625-C8DBBF370D39}.Release|Any CPU.Build.0 = Release|Any CPU
		{06CD18C3-E669-4781-8AF2-520B51BEE777}.Debug|Any CPU.ActiveCfg = Debug|Any CPU
		{06CD18C3-E669-4781-8AF2-520B51BEE777}.Debug|Any CPU.Build.0 = Debug|Any CPU
		{06CD18C3-E669-4781-8AF2-520B51BEE777}.Release|Any CPU.ActiveCfg = Release|Any CPU
		{06CD18C3-E669-4781-8AF2-520B51BEE777}.Release|Any CPU.Build.0 = Release|Any CPU
		{D4F065DA-6099-4A2F-BC60-712766891564}.Debug|Any CPU.ActiveCfg = Debug|Any CPU
		{D4F065DA-6099-4A2F-BC60-712766891564}.Debug|Any CPU.Build.0 = Debug|Any CPU
		{D4F065DA-6099-4A2F-BC60-712766891564}.Release|Any CPU.ActiveCfg = Release|Any CPU
		{D4F065DA-6099-4A2F-BC60-712766891564}.Release|Any CPU.Build.0 = Release|Any CPU
		{7A7871E2-E0BC-446D-A2C1-071F9598235B}.Debug|Any CPU.ActiveCfg = Debug|Any CPU
		{7A7871E2-E0BC-446D-A2C1-071F9598235B}.Debug|Any CPU.Build.0 = Debug|Any CPU
		{7A7871E2-E0BC-446D-A2C1-071F9598235B}.Release|Any CPU.ActiveCfg = Release|Any CPU
		{7A7871E2-E0BC-446D-A2C1-071F9598235B}.Release|Any CPU.Build.0 = Release|Any CPU
		{C8DBDED2-20B2-47C0-9752-544F8BCFF498}.Debug|Any CPU.ActiveCfg = Debug|Any CPU
		{C8DBDED2-20B2-47C0-9752-544F8BCFF498}.Debug|Any CPU.Build.0 = Debug|Any CPU
		{C8DBDED2-20B2-47C0-9752-544F8BCFF498}.Release|Any CPU.ActiveCfg = Release|Any CPU
		{C8DBDED2-20B2-47C0-9752-544F8BCFF498}.Release|Any CPU.Build.0 = Release|Any CPU
	EndGlobalSection
	GlobalSection(SolutionProperties) = preSolution
		HideSolutionNode = FALSE
	EndGlobalSection
	GlobalSection(ExtensibilityGlobals) = postSolution
		SolutionGuid = {803801FE-6410-454E-851D-9DAC4D9B2BD2}
	EndGlobalSection
EndGlobal
