
Microsoft Visual Studio Solution File, Format Version 12.00
# Visual Studio Version 17
VisualStudioVersion = 17.3.32922.545
MinimumVisualStudioVersion = 10.0.40219.1
Project("{FAE04EC0-301F-11D3-BF4B-00C04F79EFBC}") = "Nums1To10ForLoop", "Nums1To10ForLoop\Nums1To10ForLoop.csproj", "{15A49285-8219-433F-B37B-0E283CCC81E0}"
EndProject
Global
	GlobalSection(SolutionConfigurationPlatforms) = preSolution
		Debug|Any CPU = Debug|Any CPU
		Release|Any CPU = Release|Any CPU
	EndGlobalSection
	GlobalSection(ProjectConfigurationPlatforms) = postSolution
		{15A49285-8219-433F-B37B-0E283CCC81E0}.Debug|Any CPU.ActiveCfg = Debug|Any CPU
		{15A49285-8219-433F-B37B-0E283CCC81E0}.Debug|Any CPU.Build.0 = Debug|Any CPU
		{15A49285-8219-433F-B37B-0E283CCC81E0}.Release|Any CPU.ActiveCfg = Release|Any CPU
		{15A49285-8219-433F-B37B-0E283CCC81E0}.Release|Any CPU.Build.0 = Release|Any CPU
	EndGlobalSection
	GlobalSection(SolutionProperties) = preSolution
		HideSolutionNode = FALSE
	EndGlobalSection
	GlobalSection(ExtensibilityGlobals) = postSolution
		SolutionGuid = {BBDEC8CD-B379-4E9E-BBB3-EF986DA53AB6}
	EndGlobalSection
EndGlobal
