
Microsoft Visual Studio Solution File, Format Version 12.00
# Visual Studio Version 17
VisualStudioVersion = 17.3.32922.545
MinimumVisualStudioVersion = 10.0.40219.1
Project("{FAE04EC0-301F-11D3-BF4B-00C04F79EFBC}") = "NestedLoop - Lab", "NestedLoop - Lab\NestedLoop - Lab.csproj", "{2BB48D2E-838B-4ECE-9814-4C381F5A5AA4}"
EndProject
Project("{FAE04EC0-301F-11D3-BF4B-00C04F79EFBC}") = "Clock", "Clock\Clock.csproj", "{AFD67772-319A-4798-BD8E-218D1F61CFAE}"
EndProject
Global
	GlobalSection(SolutionConfigurationPlatforms) = preSolution
		Debug|Any CPU = Debug|Any CPU
		Release|Any CPU = Release|Any CPU
	EndGlobalSection
	GlobalSection(ProjectConfigurationPlatforms) = postSolution
		{2BB48D2E-838B-4ECE-9814-4C381F5A5AA4}.Debug|Any CPU.ActiveCfg = Debug|Any CPU
		{2BB48D2E-838B-4ECE-9814-4C381F5A5AA4}.Debug|Any CPU.Build.0 = Debug|Any CPU
		{2BB48D2E-838B-4ECE-9814-4C381F5A5AA4}.Release|Any CPU.ActiveCfg = Release|Any CPU
		{2BB48D2E-838B-4ECE-9814-4C381F5A5AA4}.Release|Any CPU.Build.0 = Release|Any CPU
		{AFD67772-319A-4798-BD8E-218D1F61CFAE}.Debug|Any CPU.ActiveCfg = Debug|Any CPU
		{AFD67772-319A-4798-BD8E-218D1F61CFAE}.Debug|Any CPU.Build.0 = Debug|Any CPU
		{AFD67772-319A-4798-BD8E-218D1F61CFAE}.Release|Any CPU.ActiveCfg = Release|Any CPU
		{AFD67772-319A-4798-BD8E-218D1F61CFAE}.Release|Any CPU.Build.0 = Release|Any CPU
	EndGlobalSection
	GlobalSection(SolutionProperties) = preSolution
		HideSolutionNode = FALSE
	EndGlobalSection
	GlobalSection(ExtensibilityGlobals) = postSolution
		SolutionGuid = {53077A70-EFC5-4DB3-93E7-AD66CD597C4D}
	EndGlobalSection
EndGlobal
