
Microsoft Visual Studio Solution File, Format Version 12.00
# Visual Studio Version 17
VisualStudioVersion = 17.3.32922.545
MinimumVisualStudioVersion = 10.0.40219.1
Project("{FAE04EC0-301F-11D3-BF4B-00C04F79EFBC}") = "NestedLoop - Lab", "NestedLoop - Lab\NestedLoop - Lab.csproj", "{2BB48D2E-838B-4ECE-9814-4C381F5A5AA4}"
EndProject
Project("{FAE04EC0-301F-11D3-BF4B-00C04F79EFBC}") = "Clock", "Clock\Clock.csproj", "{AFD67772-319A-4798-BD8E-218D1F61CFAE}"
EndProject
Project("{FAE04EC0-301F-11D3-BF4B-00C04F79EFBC}") = "MultiplicationTable", "MultiplicationTable\MultiplicationTable.csproj", "{AFAC1F27-5DDF-455C-B391-1A872392D062}"
EndProject
Project("{FAE04EC0-301F-11D3-BF4B-00C04F79EFBC}") = "Combinations", "Combinations\Combinations.csproj", "{3E8E8681-F3FF-4BEF-9EA4-7F74BDB1A25B}"
EndProject
Project("{FAE04EC0-301F-11D3-BF4B-00C04F79EFBC}") = "SumOfTwoNumbers", "SumOfTwoNumbers\SumOfTwoNumbers.csproj", "{399C36B7-4D7D-447E-9038-EB377625568F}"
EndProject
Project("{FAE04EC0-301F-11D3-BF4B-00C04F79EFBC}") = "Traveling", "Traveling\Traveling.csproj", "{900686CF-CED5-4D7C-8ED0-405AE07ED16A}"
EndProject
Global
	GlobalSection(SolutionConfigurationPlatforms) = preSolution
		Debug|Any CPU = Debug|Any CPU
		Release|Any CPU = Release|Any CPU
	EndGlobalSection
	GlobalSection(ProjectConfigurationPlatforms) = postSolution
		{2BB48D2E-838B-4ECE-9814-4C381F5A5AA4}.Debug|Any CPU.ActiveCfg = Debug|Any CPU
		{2BB48D2E-838B-4ECE-9814-4C381F5A5AA4}.Debug|Any CPU.Build.0 = Debug|Any CPU
		{2BB48D2E-838B-4ECE-9814-4C381F5A5AA4}.Release|Any CPU.ActiveCfg = Release|Any CPU
		{2BB48D2E-838B-4ECE-9814-4C381F5A5AA4}.Release|Any CPU.Build.0 = Release|Any CPU
		{AFD67772-319A-4798-BD8E-218D1F61CFAE}.Debug|Any CPU.ActiveCfg = Debug|Any CPU
		{AFD67772-319A-4798-BD8E-218D1F61CFAE}.Debug|Any CPU.Build.0 = Debug|Any CPU
		{AFD67772-319A-4798-BD8E-218D1F61CFAE}.Release|Any CPU.ActiveCfg = Release|Any CPU
		{AFD67772-319A-4798-BD8E-218D1F61CFAE}.Release|Any CPU.Build.0 = Release|Any CPU
		{AFAC1F27-5DDF-455C-B391-1A872392D062}.Debug|Any CPU.ActiveCfg = Debug|Any CPU
		{AFAC1F27-5DDF-455C-B391-1A872392D062}.Debug|Any CPU.Build.0 = Debug|Any CPU
		{AFAC1F27-5DDF-455C-B391-1A872392D062}.Release|Any CPU.ActiveCfg = Release|Any CPU
		{AFAC1F27-5DDF-455C-B391-1A872392D062}.Release|Any CPU.Build.0 = Release|Any CPU
		{3E8E8681-F3FF-4BEF-9EA4-7F74BDB1A25B}.Debug|Any CPU.ActiveCfg = Debug|Any CPU
		{3E8E8681-F3FF-4BEF-9EA4-7F74BDB1A25B}.Debug|Any CPU.Build.0 = Debug|Any CPU
		{3E8E8681-F3FF-4BEF-9EA4-7F74BDB1A25B}.Release|Any CPU.ActiveCfg = Release|Any CPU
		{3E8E8681-F3FF-4BEF-9EA4-7F74BDB1A25B}.Release|Any CPU.Build.0 = Release|Any CPU
		{399C36B7-4D7D-447E-9038-EB377625568F}.Debug|Any CPU.ActiveCfg = Debug|Any CPU
		{399C36B7-4D7D-447E-9038-EB377625568F}.Debug|Any CPU.Build.0 = Debug|Any CPU
		{399C36B7-4D7D-447E-9038-EB377625568F}.Release|Any CPU.ActiveCfg = Release|Any CPU
		{399C36B7-4D7D-447E-9038-EB377625568F}.Release|Any CPU.Build.0 = Release|Any CPU
		{900686CF-CED5-4D7C-8ED0-405AE07ED16A}.Debug|Any CPU.ActiveCfg = Debug|Any CPU
		{900686CF-CED5-4D7C-8ED0-405AE07ED16A}.Debug|Any CPU.Build.0 = Debug|Any CPU
		{900686CF-CED5-4D7C-8ED0-405AE07ED16A}.Release|Any CPU.ActiveCfg = Release|Any CPU
		{900686CF-CED5-4D7C-8ED0-405AE07ED16A}.Release|Any CPU.Build.0 = Release|Any CPU
	EndGlobalSection
	GlobalSection(SolutionProperties) = preSolution
		HideSolutionNode = FALSE
	EndGlobalSection
	GlobalSection(ExtensibilityGlobals) = postSolution
		SolutionGuid = {53077A70-EFC5-4DB3-93E7-AD66CD597C4D}
	EndGlobalSection
EndGlobal
