
Microsoft Visual Studio Solution File, Format Version 12.00
# Visual Studio Version 17
VisualStudioVersion = 17.3.32922.545
MinimumVisualStudioVersion = 10.0.40219.1
Project("{9A19103F-16F7-4668-BE54-9A1E7A4F7556}") = "Loops - Lab", "Loops - Lab\Loops - Lab.csproj", "{A9136E68-8BF7-485C-BEBA-C68D532EA67A}"
EndProject
Project("{9A19103F-16F7-4668-BE54-9A1E7A4F7556}") = "NumbersFrom1To100", "NumbersFrom1To100\NumbersFrom1To100.csproj", "{97DD5D24-AA9D-4A6B-BCD5-542F3D203FB9}"
EndProject
Project("{9A19103F-16F7-4668-BE54-9A1E7A4F7556}") = "Numbers N_1", "Numbers N_1\Numbers N_1.csproj", "{10A92739-C2C0-4315-8D1D-D348298D5C89}"
EndProject
Project("{9A19103F-16F7-4668-BE54-9A1E7A4F7556}") = "EvenPowersOf2", "Numbers1_NWhitStep3\EvenPowersOf2.csproj", "{947C70A6-625A-4557-B125-22DF47C76535}"
EndProject
Project("{9A19103F-16F7-4668-BE54-9A1E7A4F7556}") = "CharacterSequence", "CharacterSequence\CharacterSequence.csproj", "{80DC0BDE-951E-416A-98A3-5CCDACDC364E}"
EndProject
Project("{FAE04EC0-301F-11D3-BF4B-00C04F79EFBC}") = "SumNumbers", "SumNumbers\SumNumbers.csproj", "{4F92E353-8168-4B1A-849B-5963900DD00C}"
EndProject
Project("{FAE04EC0-301F-11D3-BF4B-00C04F79EFBC}") = "NumberSequence", "NumberSequence\NumberSequence.csproj", "{F8BED37B-D4C0-4894-AE16-CA90642A34DD}"
EndProject
Global
	GlobalSection(SolutionConfigurationPlatforms) = preSolution
		Debug|Any CPU = Debug|Any CPU
		Release|Any CPU = Release|Any CPU
	EndGlobalSection
	GlobalSection(ProjectConfigurationPlatforms) = postSolution
		{A9136E68-8BF7-485C-BEBA-C68D532EA67A}.Debug|Any CPU.ActiveCfg = Debug|Any CPU
		{A9136E68-8BF7-485C-BEBA-C68D532EA67A}.Debug|Any CPU.Build.0 = Debug|Any CPU
		{A9136E68-8BF7-485C-BEBA-C68D532EA67A}.Release|Any CPU.ActiveCfg = Release|Any CPU
		{A9136E68-8BF7-485C-BEBA-C68D532EA67A}.Release|Any CPU.Build.0 = Release|Any CPU
		{97DD5D24-AA9D-4A6B-BCD5-542F3D203FB9}.Debug|Any CPU.ActiveCfg = Debug|Any CPU
		{97DD5D24-AA9D-4A6B-BCD5-542F3D203FB9}.Debug|Any CPU.Build.0 = Debug|Any CPU
		{97DD5D24-AA9D-4A6B-BCD5-542F3D203FB9}.Release|Any CPU.ActiveCfg = Release|Any CPU
		{97DD5D24-AA9D-4A6B-BCD5-542F3D203FB9}.Release|Any CPU.Build.0 = Release|Any CPU
		{10A92739-C2C0-4315-8D1D-D348298D5C89}.Debug|Any CPU.ActiveCfg = Debug|Any CPU
		{10A92739-C2C0-4315-8D1D-D348298D5C89}.Debug|Any CPU.Build.0 = Debug|Any CPU
		{10A92739-C2C0-4315-8D1D-D348298D5C89}.Release|Any CPU.ActiveCfg = Release|Any CPU
		{10A92739-C2C0-4315-8D1D-D348298D5C89}.Release|Any CPU.Build.0 = Release|Any CPU
		{947C70A6-625A-4557-B125-22DF47C76535}.Debug|Any CPU.ActiveCfg = Debug|Any CPU
		{947C70A6-625A-4557-B125-22DF47C76535}.Debug|Any CPU.Build.0 = Debug|Any CPU
		{947C70A6-625A-4557-B125-22DF47C76535}.Release|Any CPU.ActiveCfg = Release|Any CPU
		{947C70A6-625A-4557-B125-22DF47C76535}.Release|Any CPU.Build.0 = Release|Any CPU
		{80DC0BDE-951E-416A-98A3-5CCDACDC364E}.Debug|Any CPU.ActiveCfg = Debug|Any CPU
		{80DC0BDE-951E-416A-98A3-5CCDACDC364E}.Debug|Any CPU.Build.0 = Debug|Any CPU
		{80DC0BDE-951E-416A-98A3-5CCDACDC364E}.Release|Any CPU.ActiveCfg = Release|Any CPU
		{80DC0BDE-951E-416A-98A3-5CCDACDC364E}.Release|Any CPU.Build.0 = Release|Any CPU
		{4F92E353-8168-4B1A-849B-5963900DD00C}.Debug|Any CPU.ActiveCfg = Debug|Any CPU
		{4F92E353-8168-4B1A-849B-5963900DD00C}.Debug|Any CPU.Build.0 = Debug|Any CPU
		{4F92E353-8168-4B1A-849B-5963900DD00C}.Release|Any CPU.ActiveCfg = Release|Any CPU
		{4F92E353-8168-4B1A-849B-5963900DD00C}.Release|Any CPU.Build.0 = Release|Any CPU
		{F8BED37B-D4C0-4894-AE16-CA90642A34DD}.Debug|Any CPU.ActiveCfg = Debug|Any CPU
		{F8BED37B-D4C0-4894-AE16-CA90642A34DD}.Debug|Any CPU.Build.0 = Debug|Any CPU
		{F8BED37B-D4C0-4894-AE16-CA90642A34DD}.Release|Any CPU.ActiveCfg = Release|Any CPU
		{F8BED37B-D4C0-4894-AE16-CA90642A34DD}.Release|Any CPU.Build.0 = Release|Any CPU
	EndGlobalSection
	GlobalSection(SolutionProperties) = preSolution
		HideSolutionNode = FALSE
	EndGlobalSection
	GlobalSection(ExtensibilityGlobals) = postSolution
		SolutionGuid = {67EAFDC8-10FC-420A-9BF6-0E00B5B04218}
	EndGlobalSection
EndGlobal
