
Microsoft Visual Studio Solution File, Format Version 12.00
# Visual Studio Version 17
VisualStudioVersion = 17.3.32922.545
MinimumVisualStudioVersion = 10.0.40219.1
Project("{9A19103F-16F7-4668-BE54-9A1E7A4F7556}") = "ConditionalStatementsAdvanced", "ConditionalStatementsAdvanced\ConditionalStatementsAdvanced.csproj", "{70D73D45-C9A7-4417-8BA3-0BC9F17B3827}"
EndProject
Project("{9A19103F-16F7-4668-BE54-9A1E7A4F7556}") = "DayOfWeek", "..\DayOfWeek\DayOfWeek.csproj", "{991692CA-9A8F-4AE0-ABB1-3A4871C423F6}"
EndProject
Project("{9A19103F-16F7-4668-BE54-9A1E7A4F7556}") = "AnimalType", "..\AnimalType\AnimalType.csproj", "{2424EA79-C8A7-46EA-BC7F-4A7AC1D9618A}"
EndProject
Project("{9A19103F-16F7-4668-BE54-9A1E7A4F7556}") = "PersonalTitles", "PersonalTitles\PersonalTitles.csproj", "{6AC092E5-F98A-4948-84EA-B2F083B00DF6}"
EndProject
Project("{9A19103F-16F7-4668-BE54-9A1E7A4F7556}") = "SmallShop", "SmallShop\SmallShop.csproj", "{C4474548-6D67-40D6-9DC2-AE7894E72366}"
EndProject
Project("{9A19103F-16F7-4668-BE54-9A1E7A4F7556}") = "NumberInRange", "NumberInRange\NumberInRange.csproj", "{37C77316-86B5-4413-A5B6-43F2778CA4C7}"
EndProject
Project("{9A19103F-16F7-4668-BE54-9A1E7A4F7556}") = "FruitOrVegetable", "FruitOrVegetable\FruitOrVegetable.csproj", "{B6A5A60A-A8E3-4031-8B2E-1579DF06EB3C}"
EndProject
Project("{9A19103F-16F7-4668-BE54-9A1E7A4F7556}") = "InvalidNumber", "InvalidNumber\InvalidNumber.csproj", "{5CDD4A11-681E-470A-A24E-E54E8694E7F4}"
EndProject
Project("{9A19103F-16F7-4668-BE54-9A1E7A4F7556}") = "FruitStop", "FruitStop\FruitStop.csproj", "{857279BB-40E9-43A4-92CA-E44BA248287F}"
EndProject
Project("{FAE04EC0-301F-11D3-BF4B-00C04F79EFBC}") = "TradeCommissions", "TradeCommissions\TradeCommissions.csproj", "{7FB58FDA-A84F-4008-A649-720CA4CF3C25}"
EndProject
Global
	GlobalSection(SolutionConfigurationPlatforms) = preSolution
		Debug|Any CPU = Debug|Any CPU
		Release|Any CPU = Release|Any CPU
	EndGlobalSection
	GlobalSection(ProjectConfigurationPlatforms) = postSolution
		{70D73D45-C9A7-4417-8BA3-0BC9F17B3827}.Debug|Any CPU.ActiveCfg = Debug|Any CPU
		{70D73D45-C9A7-4417-8BA3-0BC9F17B3827}.Debug|Any CPU.Build.0 = Debug|Any CPU
		{70D73D45-C9A7-4417-8BA3-0BC9F17B3827}.Release|Any CPU.ActiveCfg = Release|Any CPU
		{70D73D45-C9A7-4417-8BA3-0BC9F17B3827}.Release|Any CPU.Build.0 = Release|Any CPU
		{991692CA-9A8F-4AE0-ABB1-3A4871C423F6}.Debug|Any CPU.ActiveCfg = Debug|Any CPU
		{991692CA-9A8F-4AE0-ABB1-3A4871C423F6}.Debug|Any CPU.Build.0 = Debug|Any CPU
		{991692CA-9A8F-4AE0-ABB1-3A4871C423F6}.Release|Any CPU.ActiveCfg = Release|Any CPU
		{991692CA-9A8F-4AE0-ABB1-3A4871C423F6}.Release|Any CPU.Build.0 = Release|Any CPU
		{2424EA79-C8A7-46EA-BC7F-4A7AC1D9618A}.Debug|Any CPU.ActiveCfg = Debug|Any CPU
		{2424EA79-C8A7-46EA-BC7F-4A7AC1D9618A}.Debug|Any CPU.Build.0 = Debug|Any CPU
		{2424EA79-C8A7-46EA-BC7F-4A7AC1D9618A}.Release|Any CPU.ActiveCfg = Release|Any CPU
		{2424EA79-C8A7-46EA-BC7F-4A7AC1D9618A}.Release|Any CPU.Build.0 = Release|Any CPU
		{6AC092E5-F98A-4948-84EA-B2F083B00DF6}.Debug|Any CPU.ActiveCfg = Debug|Any CPU
		{6AC092E5-F98A-4948-84EA-B2F083B00DF6}.Debug|Any CPU.Build.0 = Debug|Any CPU
		{6AC092E5-F98A-4948-84EA-B2F083B00DF6}.Release|Any CPU.ActiveCfg = Release|Any CPU
		{6AC092E5-F98A-4948-84EA-B2F083B00DF6}.Release|Any CPU.Build.0 = Release|Any CPU
		{C4474548-6D67-40D6-9DC2-AE7894E72366}.Debug|Any CPU.ActiveCfg = Debug|Any CPU
		{C4474548-6D67-40D6-9DC2-AE7894E72366}.Debug|Any CPU.Build.0 = Debug|Any CPU
		{C4474548-6D67-40D6-9DC2-AE7894E72366}.Release|Any CPU.ActiveCfg = Release|Any CPU
		{C4474548-6D67-40D6-9DC2-AE7894E72366}.Release|Any CPU.Build.0 = Release|Any CPU
		{37C77316-86B5-4413-A5B6-43F2778CA4C7}.Debug|Any CPU.ActiveCfg = Debug|Any CPU
		{37C77316-86B5-4413-A5B6-43F2778CA4C7}.Debug|Any CPU.Build.0 = Debug|Any CPU
		{37C77316-86B5-4413-A5B6-43F2778CA4C7}.Release|Any CPU.ActiveCfg = Release|Any CPU
		{37C77316-86B5-4413-A5B6-43F2778CA4C7}.Release|Any CPU.Build.0 = Release|Any CPU
		{B6A5A60A-A8E3-4031-8B2E-1579DF06EB3C}.Debug|Any CPU.ActiveCfg = Debug|Any CPU
		{B6A5A60A-A8E3-4031-8B2E-1579DF06EB3C}.Debug|Any CPU.Build.0 = Debug|Any CPU
		{B6A5A60A-A8E3-4031-8B2E-1579DF06EB3C}.Release|Any CPU.ActiveCfg = Release|Any CPU
		{B6A5A60A-A8E3-4031-8B2E-1579DF06EB3C}.Release|Any CPU.Build.0 = Release|Any CPU
		{5CDD4A11-681E-470A-A24E-E54E8694E7F4}.Debug|Any CPU.ActiveCfg = Debug|Any CPU
		{5CDD4A11-681E-470A-A24E-E54E8694E7F4}.Debug|Any CPU.Build.0 = Debug|Any CPU
		{5CDD4A11-681E-470A-A24E-E54E8694E7F4}.Release|Any CPU.ActiveCfg = Release|Any CPU
		{5CDD4A11-681E-470A-A24E-E54E8694E7F4}.Release|Any CPU.Build.0 = Release|Any CPU
		{857279BB-40E9-43A4-92CA-E44BA248287F}.Debug|Any CPU.ActiveCfg = Debug|Any CPU
		{857279BB-40E9-43A4-92CA-E44BA248287F}.Debug|Any CPU.Build.0 = Debug|Any CPU
		{857279BB-40E9-43A4-92CA-E44BA248287F}.Release|Any CPU.ActiveCfg = Release|Any CPU
		{857279BB-40E9-43A4-92CA-E44BA248287F}.Release|Any CPU.Build.0 = Release|Any CPU
		{7FB58FDA-A84F-4008-A649-720CA4CF3C25}.Debug|Any CPU.ActiveCfg = Debug|Any CPU
		{7FB58FDA-A84F-4008-A649-720CA4CF3C25}.Debug|Any CPU.Build.0 = Debug|Any CPU
		{7FB58FDA-A84F-4008-A649-720CA4CF3C25}.Release|Any CPU.ActiveCfg = Release|Any CPU
		{7FB58FDA-A84F-4008-A649-720CA4CF3C25}.Release|Any CPU.Build.0 = Release|Any CPU
	EndGlobalSection
	GlobalSection(SolutionProperties) = preSolution
		HideSolutionNode = FALSE
	EndGlobalSection
	GlobalSection(ExtensibilityGlobals) = postSolution
		SolutionGuid = {E004C0DF-735E-4DD3-B0AE-2D538A765679}
	EndGlobalSection
EndGlobal
