
Microsoft Visual Studio Solution File, Format Version 12.00
# Visual Studio Version 17
VisualStudioVersion = 17.3.32922.545
MinimumVisualStudioVersion = 10.0.40219.1
Project("{FAE04EC0-301F-11D3-BF4B-00C04F79EFBC}") = "ConditionalStatementsAdvanced", "ConditionalStatementsAdvanced\ConditionalStatementsAdvanced.csproj", "{70D73D45-C9A7-4417-8BA3-0BC9F17B3827}"
EndProject
Project("{FAE04EC0-301F-11D3-BF4B-00C04F79EFBC}") = "DayOfWeek", "..\..\09 - Lecture\DayOfWeek\DayOfWeek.csproj", "{991692CA-9A8F-4AE0-ABB1-3A4871C423F6}"
EndProject
Project("{FAE04EC0-301F-11D3-BF4B-00C04F79EFBC}") = "AnimalType", "..\..\09 - Lecture\AnimalType\AnimalType.csproj", "{2424EA79-C8A7-46EA-BC7F-4A7AC1D9618A}"
EndProject
Global
	GlobalSection(SolutionConfigurationPlatforms) = preSolution
		Debug|Any CPU = Debug|Any CPU
		Release|Any CPU = Release|Any CPU
	EndGlobalSection
	GlobalSection(ProjectConfigurationPlatforms) = postSolution
		{70D73D45-C9A7-4417-8BA3-0BC9F17B3827}.Debug|Any CPU.ActiveCfg = Debug|Any CPU
		{70D73D45-C9A7-4417-8BA3-0BC9F17B3827}.Debug|Any CPU.Build.0 = Debug|Any CPU
		{70D73D45-C9A7-4417-8BA3-0BC9F17B3827}.Release|Any CPU.ActiveCfg = Release|Any CPU
		{70D73D45-C9A7-4417-8BA3-0BC9F17B3827}.Release|Any CPU.Build.0 = Release|Any CPU
		{991692CA-9A8F-4AE0-ABB1-3A4871C423F6}.Debug|Any CPU.ActiveCfg = Debug|Any CPU
		{991692CA-9A8F-4AE0-ABB1-3A4871C423F6}.Debug|Any CPU.Build.0 = Debug|Any CPU
		{991692CA-9A8F-4AE0-ABB1-3A4871C423F6}.Release|Any CPU.ActiveCfg = Release|Any CPU
		{991692CA-9A8F-4AE0-ABB1-3A4871C423F6}.Release|Any CPU.Build.0 = Release|Any CPU
		{2424EA79-C8A7-46EA-BC7F-4A7AC1D9618A}.Debug|Any CPU.ActiveCfg = Debug|Any CPU
		{2424EA79-C8A7-46EA-BC7F-4A7AC1D9618A}.Debug|Any CPU.Build.0 = Debug|Any CPU
		{2424EA79-C8A7-46EA-BC7F-4A7AC1D9618A}.Release|Any CPU.ActiveCfg = Release|Any CPU
		{2424EA79-C8A7-46EA-BC7F-4A7AC1D9618A}.Release|Any CPU.Build.0 = Release|Any CPU
	EndGlobalSection
	GlobalSection(SolutionProperties) = preSolution
		HideSolutionNode = FALSE
	EndGlobalSection
	GlobalSection(ExtensibilityGlobals) = postSolution
		SolutionGuid = {E004C0DF-735E-4DD3-B0AE-2D538A765679}
	EndGlobalSection
EndGlobal
