
Microsoft Visual Studio Solution File, Format Version 12.00
# Visual Studio Version 17
VisualStudioVersion = 17.3.32922.545
MinimumVisualStudioVersion = 10.0.40219.1
Project("{9A19103F-16F7-4668-BE54-9A1E7A4F7556}") = "Loops - Part 2 - Exercise", "Loops - Part 2 - Exercise\Loops - Part 2 - Exercise.csproj", "{EB5B3AD1-83D4-4620-A98D-21448EA4F6DC}"
EndProject
Project("{9A19103F-16F7-4668-BE54-9A1E7A4F7556}") = "OldBooks", "OldBooks2\OldBooks.csproj", "{8B1A6719-F004-4E89-B163-612EB4F7E521}"
EndProject
Project("{9A19103F-16F7-4668-BE54-9A1E7A4F7556}") = "ExamPreparation", "ExamPreparation\ExamPreparation.csproj", "{14A45074-D0FA-492B-AA74-85E30DE8C5E1}"
EndProject
Project("{9A19103F-16F7-4668-BE54-9A1E7A4F7556}") = "Vacation", "Vacation\Vacation.csproj", "{2CD22483-EFF5-4DEC-A565-A0092B6A43E4}"
EndProject
Project("{9A19103F-16F7-4668-BE54-9A1E7A4F7556}") = "Walking", "Walking\Walking.csproj", "{104D3A6F-6714-4B42-9E41-0CCD979B49AA}"
EndProject
Project("{9A19103F-16F7-4668-BE54-9A1E7A4F7556}") = "Coins", "Coins\Coins.csproj", "{EDDCED4D-13F3-496A-9713-A23D5C419FBC}"
EndProject
Project("{FAE04EC0-301F-11D3-BF4B-00C04F79EFBC}") = "Cake", "Cake\Cake.csproj", "{33825E01-AFB2-4229-ACC6-15BBFA9D40CF}"
EndProject
Global
	GlobalSection(SolutionConfigurationPlatforms) = preSolution
		Debug|Any CPU = Debug|Any CPU
		Release|Any CPU = Release|Any CPU
	EndGlobalSection
	GlobalSection(ProjectConfigurationPlatforms) = postSolution
		{EB5B3AD1-83D4-4620-A98D-21448EA4F6DC}.Debug|Any CPU.ActiveCfg = Debug|Any CPU
		{EB5B3AD1-83D4-4620-A98D-21448EA4F6DC}.Debug|Any CPU.Build.0 = Debug|Any CPU
		{EB5B3AD1-83D4-4620-A98D-21448EA4F6DC}.Release|Any CPU.ActiveCfg = Release|Any CPU
		{EB5B3AD1-83D4-4620-A98D-21448EA4F6DC}.Release|Any CPU.Build.0 = Release|Any CPU
		{8B1A6719-F004-4E89-B163-612EB4F7E521}.Debug|Any CPU.ActiveCfg = Debug|Any CPU
		{8B1A6719-F004-4E89-B163-612EB4F7E521}.Debug|Any CPU.Build.0 = Debug|Any CPU
		{8B1A6719-F004-4E89-B163-612EB4F7E521}.Release|Any CPU.ActiveCfg = Release|Any CPU
		{8B1A6719-F004-4E89-B163-612EB4F7E521}.Release|Any CPU.Build.0 = Release|Any CPU
		{14A45074-D0FA-492B-AA74-85E30DE8C5E1}.Debug|Any CPU.ActiveCfg = Debug|Any CPU
		{14A45074-D0FA-492B-AA74-85E30DE8C5E1}.Debug|Any CPU.Build.0 = Debug|Any CPU
		{14A45074-D0FA-492B-AA74-85E30DE8C5E1}.Release|Any CPU.ActiveCfg = Release|Any CPU
		{14A45074-D0FA-492B-AA74-85E30DE8C5E1}.Release|Any CPU.Build.0 = Release|Any CPU
		{2CD22483-EFF5-4DEC-A565-A0092B6A43E4}.Debug|Any CPU.ActiveCfg = Debug|Any CPU
		{2CD22483-EFF5-4DEC-A565-A0092B6A43E4}.Debug|Any CPU.Build.0 = Debug|Any CPU
		{2CD22483-EFF5-4DEC-A565-A0092B6A43E4}.Release|Any CPU.ActiveCfg = Release|Any CPU
		{2CD22483-EFF5-4DEC-A565-A0092B6A43E4}.Release|Any CPU.Build.0 = Release|Any CPU
		{104D3A6F-6714-4B42-9E41-0CCD979B49AA}.Debug|Any CPU.ActiveCfg = Debug|Any CPU
		{104D3A6F-6714-4B42-9E41-0CCD979B49AA}.Debug|Any CPU.Build.0 = Debug|Any CPU
		{104D3A6F-6714-4B42-9E41-0CCD979B49AA}.Release|Any CPU.ActiveCfg = Release|Any CPU
		{104D3A6F-6714-4B42-9E41-0CCD979B49AA}.Release|Any CPU.Build.0 = Release|Any CPU
		{EDDCED4D-13F3-496A-9713-A23D5C419FBC}.Debug|Any CPU.ActiveCfg = Debug|Any CPU
		{EDDCED4D-13F3-496A-9713-A23D5C419FBC}.Debug|Any CPU.Build.0 = Debug|Any CPU
		{EDDCED4D-13F3-496A-9713-A23D5C419FBC}.Release|Any CPU.ActiveCfg = Release|Any CPU
		{EDDCED4D-13F3-496A-9713-A23D5C419FBC}.Release|Any CPU.Build.0 = Release|Any CPU
		{33825E01-AFB2-4229-ACC6-15BBFA9D40CF}.Debug|Any CPU.ActiveCfg = Debug|Any CPU
		{33825E01-AFB2-4229-ACC6-15BBFA9D40CF}.Debug|Any CPU.Build.0 = Debug|Any CPU
		{33825E01-AFB2-4229-ACC6-15BBFA9D40CF}.Release|Any CPU.ActiveCfg = Release|Any CPU
		{33825E01-AFB2-4229-ACC6-15BBFA9D40CF}.Release|Any CPU.Build.0 = Release|Any CPU
	EndGlobalSection
	GlobalSection(SolutionProperties) = preSolution
		HideSolutionNode = FALSE
	EndGlobalSection
	GlobalSection(ExtensibilityGlobals) = postSolution
		SolutionGuid = {0AC0F5C8-DCAF-4C4B-A3EA-858664707937}
	EndGlobalSection
EndGlobal
