
Microsoft Visual Studio Solution File, Format Version 12.00
# Visual Studio Version 17
VisualStudioVersion = 17.3.32922.545
MinimumVisualStudioVersion = 10.0.40219.1
Project("{9A19103F-16F7-4668-BE54-9A1E7A4F7556}") = "InchToCentimeters", "SimpleOperations\InchToCentimeters.csproj", "{1053736F-7D6D-4C07-82BF-35CE340585F6}"
EndProject
Project("{9A19103F-16F7-4668-BE54-9A1E7A4F7556}") = "ProjectCreation", "ProjectCreation\ProjectCreation.csproj", "{74D3108C-8D69-4824-A42E-59056F4B9F06}"
EndProject
Project("{9A19103F-16F7-4668-BE54-9A1E7A4F7556}") = "PetShop", "PetShop\PetShop.csproj", "{3DDE7832-EA53-430D-97AA-FBF737DE2AFF}"
EndProject
Project("{FAE04EC0-301F-11D3-BF4B-00C04F79EFBC}") = "YardGreening", "YardGreening\YardGreening.csproj", "{1BC9970A-4BBA-4E1C-8015-CE35343774DD}"
EndProject
Global
	GlobalSection(SolutionConfigurationPlatforms) = preSolution
		Debug|Any CPU = Debug|Any CPU
		Release|Any CPU = Release|Any CPU
	EndGlobalSection
	GlobalSection(ProjectConfigurationPlatforms) = postSolution
		{1053736F-7D6D-4C07-82BF-35CE340585F6}.Debug|Any CPU.ActiveCfg = Debug|Any CPU
		{1053736F-7D6D-4C07-82BF-35CE340585F6}.Debug|Any CPU.Build.0 = Debug|Any CPU
		{1053736F-7D6D-4C07-82BF-35CE340585F6}.Release|Any CPU.ActiveCfg = Release|Any CPU
		{1053736F-7D6D-4C07-82BF-35CE340585F6}.Release|Any CPU.Build.0 = Release|Any CPU
		{74D3108C-8D69-4824-A42E-59056F4B9F06}.Debug|Any CPU.ActiveCfg = Debug|Any CPU
		{74D3108C-8D69-4824-A42E-59056F4B9F06}.Debug|Any CPU.Build.0 = Debug|Any CPU
		{74D3108C-8D69-4824-A42E-59056F4B9F06}.Release|Any CPU.ActiveCfg = Release|Any CPU
		{74D3108C-8D69-4824-A42E-59056F4B9F06}.Release|Any CPU.Build.0 = Release|Any CPU
		{3DDE7832-EA53-430D-97AA-FBF737DE2AFF}.Debug|Any CPU.ActiveCfg = Debug|Any CPU
		{3DDE7832-EA53-430D-97AA-FBF737DE2AFF}.Debug|Any CPU.Build.0 = Debug|Any CPU
		{3DDE7832-EA53-430D-97AA-FBF737DE2AFF}.Release|Any CPU.ActiveCfg = Release|Any CPU
		{3DDE7832-EA53-430D-97AA-FBF737DE2AFF}.Release|Any CPU.Build.0 = Release|Any CPU
		{1BC9970A-4BBA-4E1C-8015-CE35343774DD}.Debug|Any CPU.ActiveCfg = Debug|Any CPU
		{1BC9970A-4BBA-4E1C-8015-CE35343774DD}.Debug|Any CPU.Build.0 = Debug|Any CPU
		{1BC9970A-4BBA-4E1C-8015-CE35343774DD}.Release|Any CPU.ActiveCfg = Release|Any CPU
		{1BC9970A-4BBA-4E1C-8015-CE35343774DD}.Release|Any CPU.Build.0 = Release|Any CPU
	EndGlobalSection
	GlobalSection(SolutionProperties) = preSolution
		HideSolutionNode = FALSE
	EndGlobalSection
	GlobalSection(ExtensibilityGlobals) = postSolution
		SolutionGuid = {346A354D-A800-41D4-B797-74C8A3D153FF}
	EndGlobalSection
EndGlobal
