
Microsoft Visual Studio Solution File, Format Version 12.00
# Visual Studio Version 17
VisualStudioVersion = 17.3.32922.545
MinimumVisualStudioVersion = 10.0.40219.1
Project("{FAE04EC0-301F-11D3-BF4B-00C04F79EFBC}") = "InchesToCentimeters", "InchesToCentimeters\InchesToCentimeters.csproj", "{0BF57405-895A-4A81-B073-08FD5B3C023B}"
EndProject
Global
	GlobalSection(SolutionConfigurationPlatforms) = preSolution
		Debug|Any CPU = Debug|Any CPU
		Release|Any CPU = Release|Any CPU
	EndGlobalSection
	GlobalSection(ProjectConfigurationPlatforms) = postSolution
		{0BF57405-895A-4A81-B073-08FD5B3C023B}.Debug|Any CPU.ActiveCfg = Debug|Any CPU
		{0BF57405-895A-4A81-B073-08FD5B3C023B}.Debug|Any CPU.Build.0 = Debug|Any CPU
		{0BF57405-895A-4A81-B073-08FD5B3C023B}.Release|Any CPU.ActiveCfg = Release|Any CPU
		{0BF57405-895A-4A81-B073-08FD5B3C023B}.Release|Any CPU.Build.0 = Release|Any CPU
	EndGlobalSection
	GlobalSection(SolutionProperties) = preSolution
		HideSolutionNode = FALSE
	EndGlobalSection
	GlobalSection(ExtensibilityGlobals) = postSolution
		SolutionGuid = {83A794AB-60A3-4B15-B650-C809353D7B0B}
	EndGlobalSection
EndGlobal
