
Microsoft Visual Studio Solution File, Format Version 12.00
# Visual Studio Version 17
VisualStudioVersion = 17.3.32922.545
MinimumVisualStudioVersion = 10.0.40219.1
Project("{9A19103F-16F7-4668-BE54-9A1E7A4F7556}") = "Loops - Exercise", "Loops - Exercise\Loops - Exercise.csproj", "{37EEF923-357F-4C75-AAA6-0DD0107F274B}"
EndProject
Project("{9A19103F-16F7-4668-BE54-9A1E7A4F7556}") = "NumbersEndingIn7", "NumbersEndingIn7\NumbersEndingIn7.csproj", "{2F8B184D-D3CC-4EDA-840A-D4BFDBEE8A11}"
EndProject
Project("{FAE04EC0-301F-11D3-BF4B-00C04F79EFBC}") = "HalfSumElement", "HalfSumElement\HalfSumElement.csproj", "{0158F610-660C-485D-991F-B07A10A9FA95}"
EndProject
Global
	GlobalSection(SolutionConfigurationPlatforms) = preSolution
		Debug|Any CPU = Debug|Any CPU
		Release|Any CPU = Release|Any CPU
	EndGlobalSection
	GlobalSection(ProjectConfigurationPlatforms) = postSolution
		{37EEF923-357F-4C75-AAA6-0DD0107F274B}.Debug|Any CPU.ActiveCfg = Debug|Any CPU
		{37EEF923-357F-4C75-AAA6-0DD0107F274B}.Debug|Any CPU.Build.0 = Debug|Any CPU
		{37EEF923-357F-4C75-AAA6-0DD0107F274B}.Release|Any CPU.ActiveCfg = Release|Any CPU
		{37EEF923-357F-4C75-AAA6-0DD0107F274B}.Release|Any CPU.Build.0 = Release|Any CPU
		{2F8B184D-D3CC-4EDA-840A-D4BFDBEE8A11}.Debug|Any CPU.ActiveCfg = Debug|Any CPU
		{2F8B184D-D3CC-4EDA-840A-D4BFDBEE8A11}.Debug|Any CPU.Build.0 = Debug|Any CPU
		{2F8B184D-D3CC-4EDA-840A-D4BFDBEE8A11}.Release|Any CPU.ActiveCfg = Release|Any CPU
		{2F8B184D-D3CC-4EDA-840A-D4BFDBEE8A11}.Release|Any CPU.Build.0 = Release|Any CPU
		{0158F610-660C-485D-991F-B07A10A9FA95}.Debug|Any CPU.ActiveCfg = Debug|Any CPU
		{0158F610-660C-485D-991F-B07A10A9FA95}.Debug|Any CPU.Build.0 = Debug|Any CPU
		{0158F610-660C-485D-991F-B07A10A9FA95}.Release|Any CPU.ActiveCfg = Release|Any CPU
		{0158F610-660C-485D-991F-B07A10A9FA95}.Release|Any CPU.Build.0 = Release|Any CPU
	EndGlobalSection
	GlobalSection(SolutionProperties) = preSolution
		HideSolutionNode = FALSE
	EndGlobalSection
	GlobalSection(ExtensibilityGlobals) = postSolution
		SolutionGuid = {7C68D029-A5F9-4829-9090-E4C5D7BE62F1}
	EndGlobalSection
EndGlobal
