
Microsoft Visual Studio Solution File, Format Version 12.00
# Visual Studio Version 17
VisualStudioVersion = 17.3.32922.545
MinimumVisualStudioVersion = 10.0.40219.1
Project("{FAE04EC0-301F-11D3-BF4B-00C04F79EFBC}") = "Expression", "Expression\Expression.csproj", "{93099982-7CD5-447F-B66E-D5AB2D5AA2BA}"
EndProject
Global
	GlobalSection(SolutionConfigurationPlatforms) = preSolution
		Debug|Any CPU = Debug|Any CPU
		Release|Any CPU = Release|Any CPU
	EndGlobalSection
	GlobalSection(ProjectConfigurationPlatforms) = postSolution
		{93099982-7CD5-447F-B66E-D5AB2D5AA2BA}.Debug|Any CPU.ActiveCfg = Debug|Any CPU
		{93099982-7CD5-447F-B66E-D5AB2D5AA2BA}.Debug|Any CPU.Build.0 = Debug|Any CPU
		{93099982-7CD5-447F-B66E-D5AB2D5AA2BA}.Release|Any CPU.ActiveCfg = Release|Any CPU
		{93099982-7CD5-447F-B66E-D5AB2D5AA2BA}.Release|Any CPU.Build.0 = Release|Any CPU
	EndGlobalSection
	GlobalSection(SolutionProperties) = preSolution
		HideSolutionNode = FALSE
	EndGlobalSection
	GlobalSection(ExtensibilityGlobals) = postSolution
		SolutionGuid = {C9280481-A788-47F1-A7C4-4D8D1C10204F}
	EndGlobalSection
EndGlobal
